// !$*UTF8*$!
{
	archiveVersion = 1;
	classes = {
	};
	objectVersion = 46;
	objects = {

/* Begin PBXBuildFile section */
		8A4093BB1BB38C47003E90B3 /* AppDelegate.swift in Sources */ = {isa = PBXBuildFile; fileRef = 8A4093BA1BB38C47003E90B3 /* AppDelegate.swift */; };
		8A4093BD1BB38C47003E90B3 /* ViewController.swift in Sources */ = {isa = PBXBuildFile; fileRef = 8A4093BC1BB38C47003E90B3 /* ViewController.swift */; };
		8A4093C01BB38C47003E90B3 /* Main.storyboard in Resources */ = {isa = PBXBuildFile; fileRef = 8A4093BE1BB38C47003E90B3 /* Main.storyboard */; };
		8A4093C21BB38C47003E90B3 /* Assets.xcassets in Resources */ = {isa = PBXBuildFile; fileRef = 8A4093C11BB38C47003E90B3 /* Assets.xcassets */; };
		8A4093C51BB38C47003E90B3 /* LaunchScreen.storyboard in Resources */ = {isa = PBXBuildFile; fileRef = 8A4093C31BB38C47003E90B3 /* LaunchScreen.storyboard */; };
		8A4093D01BB38C47003E90B3 /* WarTests.swift in Sources */ = {isa = PBXBuildFile; fileRef = 8A4093CF1BB38C47003E90B3 /* WarTests.swift */; };
		8A4093DB1BB38C47003E90B3 /* WarUITests.swift in Sources */ = {isa = PBXBuildFile; fileRef = 8A4093DA1BB38C47003E90B3 /* WarUITests.swift */; };
/* End PBXBuildFile section */

/* Begin PBXContainerItemProxy section */
		8A4093CC1BB38C47003E90B3 /* PBXContainerItemProxy */ = {
			isa = PBXContainerItemProxy;
			containerPortal = 8A4093AF1BB38C47003E90B3 /* Project object */;
			proxyType = 1;
			remoteGlobalIDString = 8A4093B61BB38C47003E90B3;
			remoteInfo = War;
		};
		8A4093D71BB38C47003E90B3 /* PBXContainerItemProxy */ = {
			isa = PBXContainerItemProxy;
			containerPortal = 8A4093AF1BB38C47003E90B3 /* Project object */;
			proxyType = 1;
			remoteGlobalIDString = 8A4093B61BB38C47003E90B3;
			remoteInfo = War;
		};
/* End PBXContainerItemProxy section */

/* Begin PBXFileReference section */
		8A4093B71BB38C47003E90B3 /* War.app */ = {isa = PBXFileReference; explicitFileType = wrapper.application; includeInIndex = 0; path = War.app; sourceTree = BUILT_PRODUCTS_DIR; };
		8A4093BA1BB38C47003E90B3 /* AppDelegate.swift */ = {isa = PBXFileReference; lastKnownFileType = sourcecode.swift; path = AppDelegate.swift; sourceTree = "<group>"; };
		8A4093BC1BB38C47003E90B3 /* ViewController.swift */ = {isa = PBXFileReference; lastKnownFileType = sourcecode.swift; path = ViewController.swift; sourceTree = "<group>"; };
		8A4093BF1BB38C47003E90B3 /* Base */ = {isa = PBXFileReference; lastKnownFileType = file.storyboard; name = Base; path = Base.lproj/Main.storyboard; sourceTree = "<group>"; };
		8A4093C11BB38C47003E90B3 /* Assets.xcassets */ = {isa = PBXFileReference; lastKnownFileType = folder.assetcatalog; path = Assets.xcassets; sourceTree = "<group>"; };
		8A4093C41BB38C47003E90B3 /* Base */ = {isa = PBXFileReference; lastKnownFileType = file.storyboard; name = Base; path = Base.lproj/LaunchScreen.storyboard; sourceTree = "<group>"; };
		8A4093C61BB38C47003E90B3 /* Info.plist */ = {isa = PBXFileReference; lastKnownFileType = text.plist.xml; path = Info.plist; sourceTree = "<group>"; };
		8A4093CB1BB38C47003E90B3 /* WarTests.xctest */ = {isa = PBXFileReference; explicitFileType = wrapper.cfbundle; includeInIndex = 0; path = WarTests.xctest; sourceTree = BUILT_PRODUCTS_DIR; };
		8A4093CF1BB38C47003E90B3 /* WarTests.swift */ = {isa = PBXFileReference; lastKnownFileType = sourcecode.swift; path = WarTests.swift; sourceTree = "<group>"; };
		8A4093D11BB38C47003E90B3 /* Info.plist */ = {isa = PBXFileReference; lastKnownFileType = text.plist.xml; path = Info.plist; sourceTree = "<group>"; };
		8A4093D61BB38C47003E90B3 /* WarUITests.xctest */ = {isa = PBXFileReference; explicitFileType = wrapper.cfbundle; includeInIndex = 0; path = WarUITests.xctest; sourceTree = BUILT_PRODUCTS_DIR; };
		8A4093DA1BB38C47003E90B3 /* WarUITests.swift */ = {isa = PBXFileReference; lastKnownFileType = sourcecode.swift; path = WarUITests.swift; sourceTree = "<group>"; };
		8A4093DC1BB38C47003E90B3 /* Info.plist */ = {isa = PBXFileReference; lastKnownFileType = text.plist.xml; path = Info.plist; sourceTree = "<group>"; };
/* End PBXFileReference section */

/* Begin PBXFrameworksBuildPhase section */
		8A4093B41BB38C47003E90B3 /* Frameworks */ = {
			isa = PBXFrameworksBuildPhase;
			buildActionMask = 2147483647;
			files = (
			);
			runOnlyForDeploymentPostprocessing = 0;
		};
		8A4093C81BB38C47003E90B3 /* Frameworks */ = {
			isa = PBXFrameworksBuildPhase;
			buildActionMask = 2147483647;
			files = (
			);
			runOnlyForDeploymentPostprocessing = 0;
		};
		8A4093D31BB38C47003E90B3 /* Frameworks */ = {
			isa = PBXFrameworksBuildPhase;
			buildActionMask = 2147483647;
			files = (
			);
			runOnlyForDeploymentPostprocessing = 0;
		};
/* End PBXFrameworksBuildPhase section */

/* Begin PBXGroup section */
		8A4093AE1BB38C47003E90B3 = {
			isa = PBXGroup;
			children = (
				8A4093B91BB38C47003E90B3 /* War */,
				8A4093CE1BB38C47003E90B3 /* WarTests */,
				8A4093D91BB38C47003E90B3 /* WarUITests */,
				8A4093B81BB38C47003E90B3 /* Products */,
			);
			sourceTree = "<group>";
		};
		8A4093B81BB38C47003E90B3 /* Products */ = {
			isa = PBXGroup;
			children = (
				8A4093B71BB38C47003E90B3 /* War.app */,
				8A4093CB1BB38C47003E90B3 /* WarTests.xctest */,
				8A4093D61BB38C47003E90B3 /* WarUITests.xctest */,
			);
			name = Products;
			sourceTree = "<group>";
		};
		8A4093B91BB38C47003E90B3 /* War */ = {
			isa = PBXGroup;
			children = (
				8A4093BA1BB38C47003E90B3 /* AppDelegate.swift */,
				8A4093BC1BB38C47003E90B3 /* ViewController.swift */,
				8A4093BE1BB38C47003E90B3 /* Main.storyboard */,
				8A4093C11BB38C47003E90B3 /* Assets.xcassets */,
				8A4093C31BB38C47003E90B3 /* LaunchScreen.storyboard */,
				8A4093C61BB38C47003E90B3 /* Info.plist */,
			);
			path = War;
			sourceTree = "<group>";
		};
		8A4093CE1BB38C47003E90B3 /* WarTests */ = {
			isa = PBXGroup;
			children = (
				8A4093CF1BB38C47003E90B3 /* WarTests.swift */,
				8A4093D11BB38C47003E90B3 /* Info.plist */,
			);
			path = WarTests;
			sourceTree = "<group>";
		};
		8A4093D91BB38C47003E90B3 /* WarUITests */ = {
			isa = PBXGroup;
			children = (
				8A4093DA1BB38C47003E90B3 /* WarUITests.swift */,
				8A4093DC1BB38C47003E90B3 /* Info.plist */,
			);
			path = WarUITests;
			sourceTree = "<group>";
		};
/* End PBXGroup section */

/* Begin PBXNativeTarget section */
		8A4093B61BB38C47003E90B3 /* War */ = {
			isa = PBXNativeTarget;
			buildConfigurationList = 8A4093DF1BB38C47003E90B3 /* Build configuration list for PBXNativeTarget "War" */;
			buildPhases = (
				8A4093B31BB38C47003E90B3 /* Sources */,
				8A4093B41BB38C47003E90B3 /* Frameworks */,
				8A4093B51BB38C47003E90B3 /* Resources */,
			);
			buildRules = (
			);
			dependencies = (
			);
			name = War;
			productName = War;
			productReference = 8A4093B71BB38C47003E90B3 /* War.app */;
			productType = "com.apple.product-type.application";
		};
		8A4093CA1BB38C47003E90B3 /* WarTests */ = {
			isa = PBXNativeTarget;
			buildConfigurationList = 8A4093E21BB38C47003E90B3 /* Build configuration list for PBXNativeTarget "WarTests" */;
			buildPhases = (
				8A4093C71BB38C47003E90B3 /* Sources */,
				8A4093C81BB38C47003E90B3 /* Frameworks */,
				8A4093C91BB38C47003E90B3 /* Resources */,
			);
			buildRules = (
			);
			dependencies = (
				8A4093CD1BB38C47003E90B3 /* PBXTargetDependency */,
			);
			name = WarTests;
			productName = WarTests;
			productReference = 8A4093CB1BB38C47003E90B3 /* WarTests.xctest */;
			productType = "com.apple.product-type.bundle.unit-test";
		};
		8A4093D51BB38C47003E90B3 /* WarUITests */ = {
			isa = PBXNativeTarget;
			buildConfigurationList = 8A4093E51BB38C47003E90B3 /* Build configuration list for PBXNativeTarget "WarUITests" */;
			buildPhases = (
				8A4093D21BB38C47003E90B3 /* Sources */,
				8A4093D31BB38C47003E90B3 /* Frameworks */,
				8A4093D41BB38C47003E90B3 /* Resources */,
			);
			buildRules = (
			);
			dependencies = (
				8A4093D81BB38C47003E90B3 /* PBXTargetDependency */,
			);
			name = WarUITests;
			productName = WarUITests;
			productReference = 8A4093D61BB38C47003E90B3 /* WarUITests.xctest */;
			productType = "com.apple.product-type.bundle.ui-testing";
		};
/* End PBXNativeTarget section */

/* Begin PBXProject section */
		8A4093AF1BB38C47003E90B3 /* Project object */ = {
			isa = PBXProject;
			attributes = {
				LastUpgradeCheck = 0700;
				ORGANIZATIONNAME = KellyLampotang;
				TargetAttributes = {
					8A4093B61BB38C47003E90B3 = {
						CreatedOnToolsVersion = 7.0;
						DevelopmentTeam = F4P428X9U6;
					};
					8A4093CA1BB38C47003E90B3 = {
						CreatedOnToolsVersion = 7.0;
						TestTargetID = 8A4093B61BB38C47003E90B3;
					};
					8A4093D51BB38C47003E90B3 = {
						CreatedOnToolsVersion = 7.0;
						TestTargetID = 8A4093B61BB38C47003E90B3;
					};
				};
			};
			buildConfigurationList = 8A4093B21BB38C47003E90B3 /* Build configuration list for PBXProject "War" */;
			compatibilityVersion = "Xcode 3.2";
			developmentRegion = English;
			hasScannedForEncodings = 0;
			knownRegions = (
				en,
				Base,
			);
			mainGroup = 8A4093AE1BB38C47003E90B3;
			productRefGroup = 8A4093B81BB38C47003E90B3 /* Products */;
			projectDirPath = "";
			projectRoot = "";
			targets = (
				8A4093B61BB38C47003E90B3 /* War */,
				8A4093CA1BB38C47003E90B3 /* WarTests */,
				8A4093D51BB38C47003E90B3 /* WarUITests */,
			);
		};
/* End PBXProject section */

/* Begin PBXResourcesBuildPhase section */
		8A4093B51BB38C47003E90B3 /* Resources */ = {
			isa = PBXResourcesBuildPhase;
			buildActionMask = 2147483647;
			files = (
				8A4093C51BB38C47003E90B3 /* LaunchScreen.storyboard in Resources */,
				8A4093C21BB38C47003E90B3 /* Assets.xcassets in Resources */,
				8A4093C01BB38C47003E90B3 /* Main.storyboard in Resources */,
			);
			runOnlyForDeploymentPostprocessing = 0;
		};
		8A4093C91BB38C47003E90B3 /* Resources */ = {
			isa = PBXResourcesBuildPhase;
			buildActionMask = 2147483647;
			files = (
			);
			runOnlyForDeploymentPostprocessing = 0;
		};
		8A4093D41BB38C47003E90B3 /* Resources */ = {
			isa = PBXResourcesBuildPhase;
			buildActionMask = 2147483647;
			files = (
			);
			runOnlyForDeploymentPostprocessing = 0;
		};
/* End PBXResourcesBuildPhase section */

/* Begin PBXSourcesBuildPhase section */
		8A4093B31BB38C47003E90B3 /* Sources */ = {
			isa = PBXSourcesBuildPhase;
			buildActionMask = 2147483647;
			files = (
				8A4093BD1BB38C47003E90B3 /* ViewController.swift in Sources */,
				8A4093BB1BB38C47003E90B3 /* AppDelegate.swift in Sources */,
			);
			runOnlyForDeploymentPostprocessing = 0;
		};
		8A4093C71BB38C47003E90B3 /* Sources */ = {
			isa = PBXSourcesBuildPhase;
			buildActionMask = 2147483647;
			files = (
				8A4093D01BB38C47003E90B3 /* WarTests.swift in Sources */,
			);
			runOnlyForDeploymentPostprocessing = 0;
		};
		8A4093D21BB38C47003E90B3 /* Sources */ = {
			isa = PBXSourcesBuildPhase;
			buildActionMask = 2147483647;
			files = (
				8A4093DB1BB38C47003E90B3 /* WarUITests.swift in Sources */,
			);
			runOnlyForDeploymentPostprocessing = 0;
		};
/* End PBXSourcesBuildPhase section */

/* Begin PBXTargetDependency section */
		8A4093CD1BB38C47003E90B3 /* PBXTargetDependency */ = {
			isa = PBXTargetDependency;
			target = 8A4093B61BB38C47003E90B3 /* War */;
			targetProxy = 8A4093CC1BB38C47003E90B3 /* PBXContainerItemProxy */;
		};
		8A4093D81BB38C47003E90B3 /* PBXTargetDependency */ = {
			isa = PBXTargetDependency;
			target = 8A4093B61BB38C47003E90B3 /* War */;
			targetProxy = 8A4093D71BB38C47003E90B3 /* PBXContainerItemProxy */;
		};
/* End PBXTargetDependency section */

/* Begin PBXVariantGroup section */
		8A4093BE1BB38C47003E90B3 /* Main.storyboard */ = {
			isa = PBXVariantGroup;
			children = (
				8A4093BF1BB38C47003E90B3 /* Base */,
			);
			name = Main.storyboard;
			sourceTree = "<group>";
		};
		8A4093C31BB38C47003E90B3 /* LaunchScreen.storyboard */ = {
			isa = PBXVariantGroup;
			children = (
				8A4093C41BB38C47003E90B3 /* Base */,
			);
			name = LaunchScreen.storyboard;
			sourceTree = "<group>";
		};
/* End PBXVariantGroup section */

/* Begin XCBuildConfiguration section */
		8A4093DD1BB38C47003E90B3 /* Debug */ = {
			isa = XCBuildConfiguration;
			buildSettings = {
				ALWAYS_SEARCH_USER_PATHS = NO;
				CLANG_CXX_LANGUAGE_STANDARD = "gnu++0x";
				CLANG_CXX_LIBRARY = "libc++";
				CLANG_ENABLE_MODULES = YES;
				CLANG_ENABLE_OBJC_ARC = YES;
				CLANG_WARN_BOOL_CONVERSION = YES;
				CLANG_WARN_CONSTANT_CONVERSION = YES;
				CLANG_WARN_DIRECT_OBJC_ISA_USAGE = YES_ERROR;
				CLANG_WARN_EMPTY_BODY = YES;
				CLANG_WARN_ENUM_CONVERSION = YES;
				CLANG_WARN_INT_CONVERSION = YES;
				CLANG_WARN_OBJC_ROOT_CLASS = YES_ERROR;
				CLANG_WARN_UNREACHABLE_CODE = YES;
				CLANG_WARN__DUPLICATE_METHOD_MATCH = YES;
				"CODE_SIGN_IDENTITY[sdk=iphoneos*]" = "iPhone Developer";
				COPY_PHASE_STRIP = NO;
				DEBUG_INFORMATION_FORMAT = dwarf;
				ENABLE_STRICT_OBJC_MSGSEND = YES;
				ENABLE_TESTABILITY = YES;
				GCC_C_LANGUAGE_STANDARD = gnu99;
				GCC_DYNAMIC_NO_PIC = NO;
				GCC_NO_COMMON_BLOCKS = YES;
				GCC_OPTIMIZATION_LEVEL = 0;
				GCC_PREPROCESSOR_DEFINITIONS = (
					"DEBUG=1",
					"$(inherited)",
				);
				GCC_WARN_64_TO_32_BIT_CONVERSION = YES;
				GCC_WARN_ABOUT_RETURN_TYPE = YES_ERROR;
				GCC_WARN_UNDECLARED_SELECTOR = YES;
				GCC_WARN_UNINITIALIZED_AUTOS = YES_AGGRESSIVE;
				GCC_WARN_UNUSED_FUNCTION = YES;
				GCC_WARN_UNUSED_VARIABLE = YES;
				IPHONEOS_DEPLOYMENT_TARGET = 9.0;
				MTL_ENABLE_DEBUG_INFO = YES;
				ONLY_ACTIVE_ARCH = YES;
				SDKROOT = iphoneos;
				SWIFT_OPTIMIZATION_LEVEL = "-Onone";
			};
			name = Debug;
		};
		8A4093DE1BB38C47003E90B3 /* Release */ = {
			isa = XCBuildConfiguration;
			buildSettings = {
				ALWAYS_SEARCH_USER_PATHS = NO;
				CLANG_CXX_LANGUAGE_STANDARD = "gnu++0x";
				CLANG_CXX_LIBRARY = "libc++";
				CLANG_ENABLE_MODULES = YES;
				CLANG_ENABLE_OBJC_ARC = YES;
				CLANG_WARN_BOOL_CONVERSION = YES;
				CLANG_WARN_CONSTANT_CONVERSION = YES;
				CLANG_WARN_DIRECT_OBJC_ISA_USAGE = YES_ERROR;
				CLANG_WARN_EMPTY_BODY = YES;
				CLANG_WARN_ENUM_CONVERSION = YES;
				CLANG_WARN_INT_CONVERSION = YES;
				CLANG_WARN_OBJC_ROOT_CLASS = YES_ERROR;
				CLANG_WARN_UNREACHABLE_CODE = YES;
				CLANG_WARN__DUPLICATE_METHOD_MATCH = YES;
				"CODE_SIGN_IDENTITY[sdk=iphoneos*]" = "iPhone Developer";
				COPY_PHASE_STRIP = NO;
				DEBUG_INFORMATION_FORMAT = "dwarf-with-dsym";
				ENABLE_NS_ASSERTIONS = NO;
				ENABLE_STRICT_OBJC_MSGSEND = YES;
				GCC_C_LANGUAGE_STANDARD = gnu99;
				GCC_NO_COMMON_BLOCKS = YES;
				GCC_WARN_64_TO_32_BIT_CONVERSION = YES;
				GCC_WARN_ABOUT_RETURN_TYPE = YES_ERROR;
				GCC_WARN_UNDECLARED_SELECTOR = YES;
				GCC_WARN_UNINITIALIZED_AUTOS = YES_AGGRESSIVE;
				GCC_WARN_UNUSED_FUNCTION = YES;
				GCC_WARN_UNUSED_VARIABLE = YES;
				IPHONEOS_DEPLOYMENT_TARGET = 9.0;
				MTL_ENABLE_DEBUG_INFO = NO;
				SDKROOT = iphoneos;
				VALIDATE_PRODUCT = YES;
			};
			name = Release;
		};
		8A4093E01BB38C47003E90B3 /* Debug */ = {
			isa = XCBuildConfiguration;
			buildSettings = {
				ASSETCATALOG_COMPILER_APPICON_NAME = AppIcon;
				CODE_SIGN_IDENTITY = "iPhone Developer";
				"CODE_SIGN_IDENTITY[sdk=iphoneos*]" = "iPhone Developer";
				INFOPLIST_FILE = War/Info.plist;
				LD_RUNPATH_SEARCH_PATHS = "$(inherited) @executable_path/Frameworks";
				PRODUCT_BUNDLE_IDENTIFIER = com.KellyLampotang.War;
				PRODUCT_NAME = "$(TARGET_NAME)";
				PROVISIONING_PROFILE = "";
			};
			name = Debug;
		};
		8A4093E11BB38C47003E90B3 /* Release */ = {
			isa = XCBuildConfiguration;
			buildSettings = {
				ASSETCATALOG_COMPILER_APPICON_NAME = AppIcon;
				CODE_SIGN_IDENTITY = "iPhone Developer";
				"CODE_SIGN_IDENTITY[sdk=iphoneos*]" = "iPhone Developer";
				INFOPLIST_FILE = War/Info.plist;
				LD_RUNPATH_SEARCH_PATHS = "$(inherited) @executable_path/Frameworks";
				PRODUCT_BUNDLE_IDENTIFIER = com.KellyLampotang.War;
				PRODUCT_NAME = "$(TARGET_NAME)";
				PROVISIONING_PROFILE = "";
			};
			name = Release;
		};
		8A4093E31BB38C47003E90B3 /* Debug */ = {
			isa = XCBuildConfiguration;
			buildSettings = {
				BUNDLE_LOADER = "$(TEST_HOST)";
				INFOPLIST_FILE = WarTests/Info.plist;
				LD_RUNPATH_SEARCH_PATHS = "$(inherited) @executable_path/Frameworks @loader_path/Frameworks";
				PRODUCT_BUNDLE_IDENTIFIER = com.KellyLampotang.WarTests;
				PRODUCT_NAME = "$(TARGET_NAME)";
				TEST_HOST = "$(BUILT_PRODUCTS_DIR)/War.app/War";
			};
			name = Debug;
		};
		8A4093E41BB38C47003E90B3 /* Release */ = {
			isa = XCBuildConfiguration;
			buildSettings = {
				BUNDLE_LOADER = "$(TEST_HOST)";
				INFOPLIST_FILE = WarTests/Info.plist;
				LD_RUNPATH_SEARCH_PATHS = "$(inherited) @executable_path/Frameworks @loader_path/Frameworks";
				PRODUCT_BUNDLE_IDENTIFIER = com.KellyLampotang.WarTests;
				PRODUCT_NAME = "$(TARGET_NAME)";
				TEST_HOST = "$(BUILT_PRODUCTS_DIR)/War.app/War";
			};
			name = Release;
		};
		8A4093E61BB38C47003E90B3 /* Debug */ = {
			isa = XCBuildConfiguration;
			buildSettings = {
				INFOPLIST_FILE = WarUITests/Info.plist;
				LD_RUNPATH_SEARCH_PATHS = "$(inherited) @executable_path/Frameworks @loader_path/Frameworks";
				PRODUCT_BUNDLE_IDENTIFIER = com.KellyLampotang.WarUITests;
				PRODUCT_NAME = "$(TARGET_NAME)";
				TEST_TARGET_NAME = War;
				USES_XCTRUNNER = YES;
			};
			name = Debug;
		};
		8A4093E71BB38C47003E90B3 /* Release */ = {
			isa = XCBuildConfiguration;
			buildSettings = {
				INFOPLIST_FILE = WarUITests/Info.plist;
				LD_RUNPATH_SEARCH_PATHS = "$(inherited) @executable_path/Frameworks @loader_path/Frameworks";
				PRODUCT_BUNDLE_IDENTIFIER = com.KellyLampotang.WarUITests;
				PRODUCT_NAME = "$(TARGET_NAME)";
				TEST_TARGET_NAME = War;
				USES_XCTRUNNER = YES;
			};
			name = Release;
		};
/* End XCBuildConfiguration section */

/* Begin XCConfigurationList section */
		8A4093B21BB38C47003E90B3 /* Build configuration list for PBXProject "War" */ = {
			isa = XCConfigurationList;
			buildConfigurations = (
				8A4093DD1BB38C47003E90B3 /* Debug */,
				8A4093DE1BB38C47003E90B3 /* Release */,
			);
			defaultConfigurationIsVisible = 0;
			defaultConfigurationName = Release;
		};
		8A4093DF1BB38C47003E90B3 /* Build configuration list for PBXNativeTarget "War" */ = {
			isa = XCConfigurationList;
			buildConfigurations = (
				8A4093E01BB38C47003E90B3 /* Debug */,
				8A4093E11BB38C47003E90B3 /* Release */,
			);
			defaultConfigurationIsVisible = 0;
			defaultConfigurationName = Release;
		};
		8A4093E21BB38C47003E90B3 /* Build configuration list for PBXNativeTarget "WarTests" */ = {
			isa = XCConfigurationList;
			buildConfigurations = (
				8A4093E31BB38C47003E90B3 /* Debug */,
				8A4093E41BB38C47003E90B3 /* Release */,
			);
			defaultConfigurationIsVisible = 0;
			defaultConfigurationName = Release;
		};
		8A4093E51BB38C47003E90B3 /* Build configuration list for PBXNativeTarget "WarUITests" */ = {
			isa = XCConfigurationList;
			buildConfigurations = (
				8A4093E61BB38C47003E90B3 /* Debug */,
				8A4093E71BB38C47003E90B3 /* Release */,
			);
			defaultConfigurationIsVisible = 0;
			defaultConfigurationName = Release;
		};
/* End XCConfigurationList section */
	};
	rootObject = 8A4093AF1BB38C47003E90B3 /* Project object */;
}
